
Microsoft Visual Studio Solution File, Format Version 12.00
# Visual Studio Version 17
VisualStudioVersion = 17.6.33815.320
MinimumVisualStudioVersion = 10.0.40219.1
Project("{9A19103F-16F7-4668-BE54-9A1E7A4F7556}") = "CityManagerAPI", "CityManagerAPİ\CityManagerAPI.csproj", "{668CCF16-CA80-4497-92BC-F1B9E89CC622}"
EndProject
Global
	GlobalSection(SolutionConfigurationPlatforms) = preSolution
		Debug|Any CPU = Debug|Any CPU
		Release|Any CPU = Release|Any CPU
	EndGlobalSection
	GlobalSection(ProjectConfigurationPlatforms) = postSolution
		{668CCF16-CA80-4497-92BC-F1B9E89CC622}.Debug|Any CPU.ActiveCfg = Debug|Any CPU
		{668CCF16-CA80-4497-92BC-F1B9E89CC622}.Debug|Any CPU.Build.0 = Debug|Any CPU
		{668CCF16-CA80-4497-92BC-F1B9E89CC622}.Release|Any CPU.ActiveCfg = Release|Any CPU
		{668CCF16-CA80-4497-92BC-F1B9E89CC622}.Release|Any CPU.Build.0 = Release|Any CPU
	EndGlobalSection
	GlobalSection(SolutionProperties) = preSolution
		HideSolutionNode = FALSE
	EndGlobalSection
	GlobalSection(ExtensibilityGlobals) = postSolution
		SolutionGuid = {6E057CE2-31B3-42D2-9225-2B2D6EC26CC7}
	EndGlobalSection
EndGlobal
